
Microsoft Visual Studio Solution File, Format Version 12.00
# Visual Studio 15
Project("{FAE04EC0-301F-11D3-BF4B-00C04F79EFBC}") = "NumerosPrimos_Estefany_Pedro", "NumerosPrimos_Estefany_Pedro\NumerosPrimos_Estefany_Pedro.csproj", "{54256DB9-036E-4718-8B3D-D7EDEC072B5F}"
EndProject
Global
	GlobalSection(SolutionConfigurationPlatforms) = preSolution
		Debug|anycpu = Debug|anycpu
		Release|anycpu = Release|anycpu
	EndGlobalSection
	GlobalSection(ProjectConfigurationPlatforms) = postSolution
		{54256DB9-036E-4718-8B3D-D7EDEC072B5F}.Debug|anycpu.ActiveCfg = Debug|anycpu
		{54256DB9-036E-4718-8B3D-D7EDEC072B5F}.Debug|anycpu.Build.0 = Debug|anycpu
		{54256DB9-036E-4718-8B3D-D7EDEC072B5F}.Release|anycpu.ActiveCfg = Release|anycpu
		{54256DB9-036E-4718-8B3D-D7EDEC072B5F}.Release|anycpu.Build.0 = Release|anycpu
	EndGlobalSection
EndGlobal
